
Microsoft Visual Studio Solution File, Format Version 12.00
# Visual Studio Version 17
VisualStudioVersion = 17.4.33205.214
MinimumVisualStudioVersion = 10.0.40219.1
Project("{FAE04EC0-301F-11D3-BF4B-00C04F79EFBC}") = "Trabajo1", "Trabajo1\Trabajo1.csproj", "{DE06D688-B61D-4916-BDE9-D43569078DA8}"
EndProject
Global
	GlobalSection(SolutionConfigurationPlatforms) = preSolution
		Debug|Any CPU = Debug|Any CPU
		Release|Any CPU = Release|Any CPU
	EndGlobalSection
	GlobalSection(ProjectConfigurationPlatforms) = postSolution
		{DE06D688-B61D-4916-BDE9-D43569078DA8}.Debug|Any CPU.ActiveCfg = Debug|Any CPU
		{DE06D688-B61D-4916-BDE9-D43569078DA8}.Debug|Any CPU.Build.0 = Debug|Any CPU
		{DE06D688-B61D-4916-BDE9-D43569078DA8}.Release|Any CPU.ActiveCfg = Release|Any CPU
		{DE06D688-B61D-4916-BDE9-D43569078DA8}.Release|Any CPU.Build.0 = Release|Any CPU
	EndGlobalSection
	GlobalSection(SolutionProperties) = preSolution
		HideSolutionNode = FALSE
	EndGlobalSection
	GlobalSection(ExtensibilityGlobals) = postSolution
		SolutionGuid = {7EF062F3-A9BA-4555-B867-D31BCD033484}
	EndGlobalSection
EndGlobal
